
Microsoft Visual Studio Solution File, Format Version 12.00
# Visual Studio Version 17
VisualStudioVersion = 17.1.32328.378
MinimumVisualStudioVersion = 10.0.40219.1
Project("{FAE04EC0-301F-11D3-BF4B-00C04F79EFBC}") = "Project3AWS", "Project3AWS.csproj", "{1A1FC02E-D084-495C-BCD9-590E54F8C0BF}"
EndProject
Project("{FAE04EC0-301F-11D3-BF4B-00C04F79EFBC}") = "TestProject1", "TestProject1\TestProject1.csproj", "{301DBA43-C5E9-438E-A7ED-E150368851AB}"
EndProject
Global
	GlobalSection(SolutionConfigurationPlatforms) = preSolution
		Debug|Any CPU = Debug|Any CPU
		Release|Any CPU = Release|Any CPU
	EndGlobalSection
	GlobalSection(ProjectConfigurationPlatforms) = postSolution
		{1A1FC02E-D084-495C-BCD9-590E54F8C0BF}.Debug|Any CPU.ActiveCfg = Debug|Any CPU
		{1A1FC02E-D084-495C-BCD9-590E54F8C0BF}.Debug|Any CPU.Build.0 = Debug|Any CPU
		{1A1FC02E-D084-495C-BCD9-590E54F8C0BF}.Release|Any CPU.ActiveCfg = Release|Any CPU
		{1A1FC02E-D084-495C-BCD9-590E54F8C0BF}.Release|Any CPU.Build.0 = Release|Any CPU
		{301DBA43-C5E9-438E-A7ED-E150368851AB}.Debug|Any CPU.ActiveCfg = Debug|Any CPU
		{301DBA43-C5E9-438E-A7ED-E150368851AB}.Debug|Any CPU.Build.0 = Debug|Any CPU
		{301DBA43-C5E9-438E-A7ED-E150368851AB}.Release|Any CPU.ActiveCfg = Release|Any CPU
		{301DBA43-C5E9-438E-A7ED-E150368851AB}.Release|Any CPU.Build.0 = Release|Any CPU
	EndGlobalSection
	GlobalSection(SolutionProperties) = preSolution
		HideSolutionNode = FALSE
	EndGlobalSection
	GlobalSection(ExtensibilityGlobals) = postSolution
		SolutionGuid = {A10BBAF0-862C-43D1-B0FF-C04E6B9E6FE9}
	EndGlobalSection
EndGlobal
